# DO NOT EDIT MANUALLY - Managed by Fern Replay
version: "1.0"
generations:
  - commit_sha: 9e7e247a791be7632f5190811789b9ec4d334ac1
    tree_hash: e2a2f584ff82d7c1cb1bf37b38bd52316f7f2fe2
    timestamp: 2026-08-22T11:50:32.651Z
    cli_version: unknown
    generator_versions: {}
  - commit_sha: d9a93282293c8f4041b492e1dc4da212b8c0baf2
    tree_hash: e967f6c4481c0f502586ae461452eee70b368886
    timestamp: 2026-08-22T11:50:32.883Z
    cli_version: unknown
    generator_versions:
      fernapi/fern-typescript-sdk: 3.87.2
current_generation: d9a93282293c8f4041b492e1dc4da212b8c0baf2
patches: []
