# DO NOT EDIT MANUALLY - Managed by Fern Replay
version: "1.0"
generations:
  - commit_sha: 9e7e247a791be7632f5190811789b9ec4d334ac1
    tree_hash: e2a2f584ff82d7c1cb1bf37b38bd52316f7f2fe2
    timestamp: 2026-08-22T11:50:32.651Z
    cli_version: unknown
    generator_versions: {}
  - commit_sha: d9a93282293c8f4041b492e1dc4da212b8c0baf2
    tree_hash: e967f6c4481c0f502586ae461452eee70b368886
    timestamp: 2026-08-22T11:50:32.883Z
    cli_version: unknown
    generator_versions:
      fernapi/fern-typescript-sdk: 3.87.2
  - commit_sha: a0425f3545c4abba8268c51e0fbcb6e62e66e59d
    tree_hash: c2457eb64c11642b033ab60d2d068da7529e48cb
    timestamp: 2026-08-22T12:03:14.670Z
    cli_version: unknown
    generator_versions:
      fernapi/fern-typescript-sdk: 3.87.2
  - commit_sha: fc8f5e850ee0483d58450c25d399907964c73ba8
    tree_hash: e5702375999398bf2684e1b2680e43d7f73be811
    timestamp: 2026-08-27T13:59:02.575Z
    cli_version: unknown
    generator_versions:
      fernapi/fern-typescript-sdk: 3.87.2
  - commit_sha: 483885ae04c31148518b7dfb0702c463251a2685
    tree_hash: 0804b62715abe4ba1a75ebeb97cfb70e81c9f273
    timestamp: 2026-08-27T14:09:08.443Z
    cli_version: unknown
    generator_versions:
      fernapi/fern-typescript-sdk: 3.87.2
current_generation: 483885ae04c31148518b7dfb0702c463251a2685
patches: []
dismissals:
  - patch_id: patch-031c35cc
    original_commit: 031c35ccc57a72830030a545584fd3f9123b7901
    original_message: "chore: release v0.0.4"
    content_hashes:
      - sha256:cdca952aea948efd04971f0196290ba11525d0423ee07725c6228abd217b7005
    dismissed_at: 2026-08-27T14:13:44.308Z
    via: forget
forgotten_hashes:
  - sha256:cdca952aea948efd04971f0196290ba11525d0423ee07725c6228abd217b7005
